{
    "_meta": {
        "hash": {
            "sha256": "5df46725c5a40146248a57b64f9edeb6586c3bee1c2821011b52051722bee1d5"
        },
        "pipfile-spec": 6,
        "requires": {
            "python_version": "3.7"
        },
        "sources": [
            {
                "name": "pypi",
                "url": "https://pypi.org/simple",
                "verify_ssl": true
            }
        ]
    },
    "default": {
        "django": {
            "hashes": [
                "sha256:a32c22af23634e1d11425574dce756098e015a165be02e4690179889b207c7a8",
                "sha256:d6393918da830530a9516bbbcbf7f1214c3d733738779f06b0f649f49cc698c3"
            ],
            "index": "pypi",
            "version": "==2.1.5"
        },
        "django-sitetree": {
            "hashes": [
                "sha256:0c565a37c3e0c8e907fda0ec776bfbebae480d2ea5059cde2f4da4666aa23651",
                "sha256:4db7f7fabc9d8a02ad2853838cb537fc6e1d05326deeb04fd8e394050686e1cc"
            ],
            "index": "pypi",
            "version": "==1.12.0"
        },
        "pytz": {
            "hashes": [
                "sha256:32b0891edff07e28efe91284ed9c31e123d84bea3fd98e1f72be2508f43ef8d9",
                "sha256:d5f05e487007e29e03409f9398d074e158d920d36eb82eaf66fb1136b0c5374c"
            ],
            "version": "==2018.9"
        },
        "restless": {
            "hashes": [
                "sha256:f66b590cd1a248fd60a7f6540dff318a180bcbf073eefa16ac5ea978c161087b"
            ],
            "index": "pypi",
            "version": "==2.1.1"
        },
        "six": {
            "hashes": [
                "sha256:3350809f0555b11f552448330d0b52d5f24c91a322ea4a15ef22629740f3761c",
                "sha256:d16a0141ec1a18405cd4ce8b4613101da75da0e9a7aec5bdd4fa804d0e0eba73"
            ],
            "version": "==1.12.0"
        }
    },
    "develop": {}
}
